
Microsoft Visual Studio Solution File, Format Version 12.00
# Visual Studio Version 17
VisualStudioVersion = 17.14.36616.10 d17.14
MinimumVisualStudioVersion = 10.0.40219.1
Project("{FAE04EC0-301F-11D3-BF4B-00C04F79EFBC}") = "SLC-D-AlarmReport", "SLC-D-AlarmReport\SLC-D-AlarmReport.csproj", "{254752F8-8EA2-439D-BD4E-3561DDD1B376}"
EndProject
Project("{2150E333-8FDC-42A3-9474-1A3956D46DE8}") = "Internal", "Internal", "{02EA681E-C7D8-13C7-8484-4AC65E1B71E8}"
EndProject
Project("{2150E333-8FDC-42A3-9474-1A3956D46DE8}") = "Code Analysis", "Code Analysis", "{8C56ABD7-B36D-4D5F-AEE0-7B1FC08E31A3}"
	ProjectSection(SolutionItems) = preProject
		Internal\Code Analysis\qaction-debug.ruleset = Internal\Code Analysis\qaction-debug.ruleset
		Internal\Code Analysis\qaction-release.ruleset = Internal\Code Analysis\qaction-release.ruleset
		Internal\Code Analysis\stylecop.json = Internal\Code Analysis\stylecop.json
	EndProjectSection
EndProject
Project("{FAE04EC0-301F-11D3-BF4B-00C04F79EFBC}") = "GQI-AlarmReport", "GQI-AlarmReport\GQI-AlarmReport.csproj", "{646A4FB1-302F-4406-80E3-699175F678AC}"
EndProject
Global
	GlobalSection(SolutionConfigurationPlatforms) = preSolution
		Debug|Any CPU = Debug|Any CPU
		Release|Any CPU = Release|Any CPU
	EndGlobalSection
	GlobalSection(ProjectConfigurationPlatforms) = postSolution
		{254752F8-8EA2-439D-BD4E-3561DDD1B376}.Debug|Any CPU.ActiveCfg = Debug|Any CPU
		{254752F8-8EA2-439D-BD4E-3561DDD1B376}.Debug|Any CPU.Build.0 = Debug|Any CPU
		{254752F8-8EA2-439D-BD4E-3561DDD1B376}.Release|Any CPU.ActiveCfg = Release|Any CPU
		{254752F8-8EA2-439D-BD4E-3561DDD1B376}.Release|Any CPU.Build.0 = Release|Any CPU
		{646A4FB1-302F-4406-80E3-699175F678AC}.Debug|Any CPU.ActiveCfg = Debug|Any CPU
		{646A4FB1-302F-4406-80E3-699175F678AC}.Debug|Any CPU.Build.0 = Debug|Any CPU
		{646A4FB1-302F-4406-80E3-699175F678AC}.Release|Any CPU.ActiveCfg = Release|Any CPU
		{646A4FB1-302F-4406-80E3-699175F678AC}.Release|Any CPU.Build.0 = Release|Any CPU
	EndGlobalSection
	GlobalSection(SolutionProperties) = preSolution
		HideSolutionNode = FALSE
	EndGlobalSection
	GlobalSection(NestedProjects) = preSolution
		{8C56ABD7-B36D-4D5F-AEE0-7B1FC08E31A3} = {02EA681E-C7D8-13C7-8484-4AC65E1B71E8}
	EndGlobalSection
	GlobalSection(ExtensibilityGlobals) = postSolution
		SolutionGuid = {2E4E2028-82D0-497D-BF4E-F33452601746}
	EndGlobalSection
EndGlobal
